hash: 3e93b7f913a13a4d6fd437ec75a04a608c95176f2927742568869f810c9f4833
updated: 2017-08-19T10:31:13.092037128+09:00
imports:
- name: github.com/mnkd/slackposter
  version: 76b3267240d43bf231781c9c8f7c14e4e22f3dd3
- name: github.com/pkg/errors
  version: c605e284fe17294bda444b34710735b29d1a9d90
testImports: []
